<?xml version="1.0" encoding="UTF-8" standalone="yes" ?>
<CodeBlocks_project_file>
	<FileVersion major="1" minor="6" />
	<Project>
		<Option title="Project" />
		<Option pch_mode="2" />
		<Option compiler="gcc" />
		<Build>
			<Target title="Debug">
				<Option output="bin/Debug/Project" prefix_auto="1" extension_auto="1" />
				<Option object_output="obj/Debug/" />
				<Option type="1" />
				<Option compiler="gcc" />
				<Compiler>
					<Add option="-g" />
				</Compiler>
				<Linker>
					<Add library="winmm" />
				</Linker>
			</Target>
			<Target title="Release">
				<Option output="bin/Release/Project" prefix_auto="1" extension_auto="1" />
				<Option object_output="obj/Release/" />
				<Option type="1" />
				<Option compiler="gcc" />
				<Compiler>
					<Add option="-O2" />
				</Compiler>
				<Linker>
					<Add option="-s" />
				</Linker>
			</Target>
		</Build>
		<Compiler>
			<Add option="-Wall" />
		</Compiler>
		<Unit filename="Files/CheckBox.c">
			<Option compilerVar="CC" />
		</Unit>
		<Unit filename="Files/CheckBox.h" />
		<Unit filename="Files/Computer.c">
			<Option compilerVar="CC" />
		</Unit>
		<Unit filename="Files/Computer.h" />
		<Unit filename="Files/Menu.c">
			<Option compilerVar="CC" />
		</Unit>
		<Unit filename="Files/Menu.h" />
		<Unit filename="Files/Moving.c">
			<Option compilerVar="CC" />
		</Unit>
		<Unit filename="Files/Moving.h" />
		<Unit filename="Files/Playing.c">
			<Option compilerVar="CC" />
		</Unit>
		<Unit filename="Files/Playing.h" />
		<Unit filename="Files/Print.c">
			<Option compilerVar="CC" />
		</Unit>
		<Unit filename="Files/Print.h" />
		<Unit filename="Files/Save&amp;load.c">
			<Option compilerVar="CC" />
		</Unit>
		<Unit filename="Files/Save&amp;load.h" />
		<Unit filename="Files/Top10.c">
			<Option compilerVar="CC" />
		</Unit>
		<Unit filename="Files/Top10.h" />
		<Unit filename="Files/Undo&amp;Redo.c">
			<Option compilerVar="CC" />
		</Unit>
		<Unit filename="Files/Undo&amp;Redo.h" />
		<Unit filename="Files/players.h" />
		<Unit filename="main.c">
			<Option compilerVar="CC" />
		</Unit>
		<Extensions>
			<code_completion />
			<envvars />
			<debugger />
			<lib_finder disable_auto="1" />
		</Extensions>
	</Project>
</CodeBlocks_project_file>
